// !$*UTF8*$!
{
	archiveVersion = 1;
	classes = {
	};
	objectVersion = 46;
	objects = {

/* Begin PBXBuildFile section */
		56B5986E1B3F8B2000D8AF7B /* AppDelegate.swift in Sources */ = {isa = PBXBuildFile; fileRef = 56B5986D1B3F8B2000D8AF7B /* AppDelegate.swift */; };
		56B598711B3F8B2000D8AF7B /* quickmed.xcdatamodeld in Sources */ = {isa = PBXBuildFile; fileRef = 56B5986F1B3F8B2000D8AF7B /* quickmed.xcdatamodeld */; };
		56B598731B3F8B2000D8AF7B /* ViewController.swift in Sources */ = {isa = PBXBuildFile; fileRef = 56B598721B3F8B2000D8AF7B /* ViewController.swift */; };
		56B598761B3F8B2000D8AF7B /* Main.storyboard in Resources */ = {isa = PBXBuildFile; fileRef = 56B598741B3F8B2000D8AF7B /* Main.storyboard */; };
		56B598781B3F8B2000D8AF7B /* Images.xcassets in Resources */ = {isa = PBXBuildFile; fileRef = 56B598771B3F8B2000D8AF7B /* Images.xcassets */; };
		56B5987B1B3F8B2000D8AF7B /* LaunchScreen.xib in Resources */ = {isa = PBXBuildFile; fileRef = 56B598791B3F8B2000D8AF7B /* LaunchScreen.xib */; };
		56B598871B3F8B2000D8AF7B /* quickmedTests.swift in Sources */ = {isa = PBXBuildFile; fileRef = 56B598861B3F8B2000D8AF7B /* quickmedTests.swift */; };
		56B598911B3F8B9F00D8AF7B /* MapKit.framework in Frameworks */ = {isa = PBXBuildFile; fileRef = 56B598901B3F8B9F00D8AF7B /* MapKit.framework */; };
		56B598951B3FA75900D8AF7B /* SearchController.swift in Sources */ = {isa = PBXBuildFile; fileRef = 56B598941B3FA75900D8AF7B /* SearchController.swift */; };
/* End PBXBuildFile section */

/* Begin PBXContainerItemProxy section */
		56B598811B3F8B2000D8AF7B /* PBXContainerItemProxy */ = {
			isa = PBXContainerItemProxy;
			containerPortal = 56B598601B3F8B2000D8AF7B /* Project object */;
			proxyType = 1;
			remoteGlobalIDString = 56B598671B3F8B2000D8AF7B;
			remoteInfo = quickmed;
		};
/* End PBXContainerItemProxy section */

/* Begin PBXFileReference section */
		56B598681B3F8B2000D8AF7B /* quickmed.app */ = {isa = PBXFileReference; explicitFileType = wrapper.application; includeInIndex = 0; path = quickmed.app; sourceTree = BUILT_PRODUCTS_DIR; };
		56B5986C1B3F8B2000D8AF7B /* Info.plist */ = {isa = PBXFileReference; lastKnownFileType = text.plist.xml; path = Info.plist; sourceTree = "<group>"; };
		56B5986D1B3F8B2000D8AF7B /* AppDelegate.swift */ = {isa = PBXFileReference; lastKnownFileType = sourcecode.swift; path = AppDelegate.swift; sourceTree = "<group>"; };
		56B598701B3F8B2000D8AF7B /* quickmed.xcdatamodel */ = {isa = PBXFileReference; lastKnownFileType = wrapper.xcdatamodel; path = quickmed.xcdatamodel; sourceTree = "<group>"; };
		56B598721B3F8B2000D8AF7B /* ViewController.swift */ = {isa = PBXFileReference; lastKnownFileType = sourcecode.swift; path = ViewController.swift; sourceTree = "<group>"; };
		56B598751B3F8B2000D8AF7B /* Base */ = {isa = PBXFileReference; lastKnownFileType = file.storyboard; name = Base; path = Base.lproj/Main.storyboard; sourceTree = "<group>"; };
		56B598771B3F8B2000D8AF7B /* Images.xcassets */ = {isa = PBXFileReference; lastKnownFileType = folder.assetcatalog; path = Images.xcassets; sourceTree = "<group>"; };
		56B5987A1B3F8B2000D8AF7B /* Base */ = {isa = PBXFileReference; lastKnownFileType = file.xib; name = Base; path = Base.lproj/LaunchScreen.xib; sourceTree = "<group>"; };
		56B598801B3F8B2000D8AF7B /* quickmedTests.xctest */ = {isa = PBXFileReference; explicitFileType = wrapper.cfbundle; includeInIndex = 0; path = quickmedTests.xctest; sourceTree = BUILT_PRODUCTS_DIR; };
		56B598851B3F8B2000D8AF7B /* Info.plist */ = {isa = PBXFileReference; lastKnownFileType = text.plist.xml; path = Info.plist; sourceTree = "<group>"; };
		56B598861B3F8B2000D8AF7B /* quickmedTests.swift */ = {isa = PBXFileReference; lastKnownFileType = sourcecode.swift; path = quickmedTests.swift; sourceTree = "<group>"; };
		56B598901B3F8B9F00D8AF7B /* MapKit.framework */ = {isa = PBXFileReference; lastKnownFileType = wrapper.framework; name = MapKit.framework; path = System/Library/Frameworks/MapKit.framework; sourceTree = SDKROOT; };
		56B598941B3FA75900D8AF7B /* SearchController.swift */ = {isa = PBXFileReference; fileEncoding = 4; lastKnownFileType = sourcecode.swift; path = SearchController.swift; sourceTree = "<group>"; };
/* End PBXFileReference section */

/* Begin PBXFrameworksBuildPhase section */
		56B598651B3F8B2000D8AF7B /* Frameworks */ = {
			isa = PBXFrameworksBuildPhase;
			buildActionMask = 2147483647;
			files = (
				56B598911B3F8B9F00D8AF7B /* MapKit.framework in Frameworks */,
			);
			runOnlyForDeploymentPostprocessing = 0;
		};
		56B5987D1B3F8B2000D8AF7B /* Frameworks */ = {
			isa = PBXFrameworksBuildPhase;
			buildActionMask = 2147483647;
			files = (
			);
			runOnlyForDeploymentPostprocessing = 0;
		};
/* End PBXFrameworksBuildPhase section */

/* Begin PBXGroup section */
		56B5985F1B3F8B2000D8AF7B = {
			isa = PBXGroup;
			children = (
				56B598901B3F8B9F00D8AF7B /* MapKit.framework */,
				56B5986A1B3F8B2000D8AF7B /* quickmed */,
				56B598831B3F8B2000D8AF7B /* quickmedTests */,
				56B598691B3F8B2000D8AF7B /* Products */,
			);
			sourceTree = "<group>";
		};
		56B598691B3F8B2000D8AF7B /* Products */ = {
			isa = PBXGroup;
			children = (
				56B598681B3F8B2000D8AF7B /* quickmed.app */,
				56B598801B3F8B2000D8AF7B /* quickmedTests.xctest */,
			);
			name = Products;
			sourceTree = "<group>";
		};
		56B5986A1B3F8B2000D8AF7B /* quickmed */ = {
			isa = PBXGroup;
			children = (
				56B5986D1B3F8B2000D8AF7B /* AppDelegate.swift */,
				56B598721B3F8B2000D8AF7B /* ViewController.swift */,
				56B598741B3F8B2000D8AF7B /* Main.storyboard */,
				56B598941B3FA75900D8AF7B /* SearchController.swift */,
				56B598771B3F8B2000D8AF7B /* Images.xcassets */,
				56B598791B3F8B2000D8AF7B /* LaunchScreen.xib */,
				56B5986F1B3F8B2000D8AF7B /* quickmed.xcdatamodeld */,
				56B5986B1B3F8B2000D8AF7B /* Supporting Files */,
			);
			path = quickmed;
			sourceTree = "<group>";
		};
		56B5986B1B3F8B2000D8AF7B /* Supporting Files */ = {
			isa = PBXGroup;
			children = (
				56B5986C1B3F8B2000D8AF7B /* Info.plist */,
			);
			name = "Supporting Files";
			sourceTree = "<group>";
		};
		56B598831B3F8B2000D8AF7B /* quickmedTests */ = {
			isa = PBXGroup;
			children = (
				56B598861B3F8B2000D8AF7B /* quickmedTests.swift */,
				56B598841B3F8B2000D8AF7B /* Supporting Files */,
			);
			path = quickmedTests;
			sourceTree = "<group>";
		};
		56B598841B3F8B2000D8AF7B /* Supporting Files */ = {
			isa = PBXGroup;
			children = (
				56B598851B3F8B2000D8AF7B /* Info.plist */,
			);
			name = "Supporting Files";
			sourceTree = "<group>";
		};
/* End PBXGroup section */

/* Begin PBXNativeTarget section */
		56B598671B3F8B2000D8AF7B /* quickmed */ = {
			isa = PBXNativeTarget;
			buildConfigurationList = 56B5988A1B3F8B2000D8AF7B /* Build configuration list for PBXNativeTarget "quickmed" */;
			buildPhases = (
				56B598641B3F8B2000D8AF7B /* Sources */,
				56B598651B3F8B2000D8AF7B /* Frameworks */,
				56B598661B3F8B2000D8AF7B /* Resources */,
			);
			buildRules = (
			);
			dependencies = (
			);
			name = quickmed;
			productName = quickmed;
			productReference = 56B598681B3F8B2000D8AF7B /* quickmed.app */;
			productType = "com.apple.product-type.application";
		};
		56B5987F1B3F8B2000D8AF7B /* quickmedTests */ = {
			isa = PBXNativeTarget;
			buildConfigurationList = 56B5988D1B3F8B2000D8AF7B /* Build configuration list for PBXNativeTarget "quickmedTests" */;
			buildPhases = (
				56B5987C1B3F8B2000D8AF7B /* Sources */,
				56B5987D1B3F8B2000D8AF7B /* Frameworks */,
				56B5987E1B3F8B2000D8AF7B /* Resources */,
			);
			buildRules = (
			);
			dependencies = (
				56B598821B3F8B2000D8AF7B /* PBXTargetDependency */,
			);
			name = quickmedTests;
			productName = quickmedTests;
			productReference = 56B598801B3F8B2000D8AF7B /* quickmedTests.xctest */;
			productType = "com.apple.product-type.bundle.unit-test";
		};
/* End PBXNativeTarget section */

/* Begin PBXProject section */
		56B598601B3F8B2000D8AF7B /* Project object */ = {
			isa = PBXProject;
			attributes = {
				LastUpgradeCheck = 0630;
				ORGANIZATIONNAME = MAKE;
				TargetAttributes = {
					56B598671B3F8B2000D8AF7B = {
						CreatedOnToolsVersion = 6.3.2;
						DevelopmentTeam = C2MNEVAM4L;
					};
					56B5987F1B3F8B2000D8AF7B = {
						CreatedOnToolsVersion = 6.3.2;
						TestTargetID = 56B598671B3F8B2000D8AF7B;
					};
				};
			};
			buildConfigurationList = 56B598631B3F8B2000D8AF7B /* Build configuration list for PBXProject "quickmed" */;
			compatibilityVersion = "Xcode 3.2";
			developmentRegion = English;
			hasScannedForEncodings = 0;
			knownRegions = (
				en,
				Base,
			);
			mainGroup = 56B5985F1B3F8B2000D8AF7B;
			productRefGroup = 56B598691B3F8B2000D8AF7B /* Products */;
			projectDirPath = "";
			projectRoot = "";
			targets = (
				56B598671B3F8B2000D8AF7B /* quickmed */,
				56B5987F1B3F8B2000D8AF7B /* quickmedTests */,
			);
		};
/* End PBXProject section */

/* Begin PBXResourcesBuildPhase section */
		56B598661B3F8B2000D8AF7B /* Resources */ = {
			isa = PBXResourcesBuildPhase;
			buildActionMask = 2147483647;
			files = (
				56B598761B3F8B2000D8AF7B /* Main.storyboard in Resources */,
				56B5987B1B3F8B2000D8AF7B /* LaunchScreen.xib in Resources */,
				56B598781B3F8B2000D8AF7B /* Images.xcassets in Resources */,
			);
			runOnlyForDeploymentPostprocessing = 0;
		};
		56B5987E1B3F8B2000D8AF7B /* Resources */ = {
			isa = PBXResourcesBuildPhase;
			buildActionMask = 2147483647;
			files = (
			);
			runOnlyForDeploymentPostprocessing = 0;
		};
/* End PBXResourcesBuildPhase section */

/* Begin PBXSourcesBuildPhase section */
		56B598641B3F8B2000D8AF7B /* Sources */ = {
			isa = PBXSourcesBuildPhase;
			buildActionMask = 2147483647;
			files = (
				56B598731B3F8B2000D8AF7B /* ViewController.swift in Sources */,
				56B598711B3F8B2000D8AF7B /* quickmed.xcdatamodeld in Sources */,
				56B5986E1B3F8B2000D8AF7B /* AppDelegate.swift in Sources */,
				56B598951B3FA75900D8AF7B /* SearchController.swift in Sources */,
			);
			runOnlyForDeploymentPostprocessing = 0;
		};
		56B5987C1B3F8B2000D8AF7B /* Sources */ = {
			isa = PBXSourcesBuildPhase;
			buildActionMask = 2147483647;
			files = (
				56B598871B3F8B2000D8AF7B /* quickmedTests.swift in Sources */,
			);
			runOnlyForDeploymentPostprocessing = 0;
		};
/* End PBXSourcesBuildPhase section */

/* Begin PBXTargetDependency section */
		56B598821B3F8B2000D8AF7B /* PBXTargetDependency */ = {
			isa = PBXTargetDependency;
			target = 56B598671B3F8B2000D8AF7B /* quickmed */;
			targetProxy = 56B598811B3F8B2000D8AF7B /* PBXContainerItemProxy */;
		};
/* End PBXTargetDependency section */

/* Begin PBXVariantGroup section */
		56B598741B3F8B2000D8AF7B /* Main.storyboard */ = {
			isa = PBXVariantGroup;
			children = (
				56B598751B3F8B2000D8AF7B /* Base */,
			);
			name = Main.storyboard;
			sourceTree = "<group>";
		};
		56B598791B3F8B2000D8AF7B /* LaunchScreen.xib */ = {
			isa = PBXVariantGroup;
			children = (
				56B5987A1B3F8B2000D8AF7B /* Base */,
			);
			name = LaunchScreen.xib;
			sourceTree = "<group>";
		};
/* End PBXVariantGroup section */

/* Begin XCBuildConfiguration section */
		56B598881B3F8B2000D8AF7B /* Debug */ = {
			isa = XCBuildConfiguration;
			buildSettings = {
				ALWAYS_SEARCH_USER_PATHS = NO;
				CLANG_CXX_LANGUAGE_STANDARD = "gnu++0x";
				CLANG_CXX_LIBRARY = "libc++";
				CLANG_ENABLE_MODULES = YES;
				CLANG_ENABLE_OBJC_ARC = YES;
				CLANG_WARN_BOOL_CONVERSION = YES;
				CLANG_WARN_CONSTANT_CONVERSION = YES;
				CLANG_WARN_DIRECT_OBJC_ISA_USAGE = YES_ERROR;
				CLANG_WARN_EMPTY_BODY = YES;
				CLANG_WARN_ENUM_CONVERSION = YES;
				CLANG_WARN_INT_CONVERSION = YES;
				CLANG_WARN_OBJC_ROOT_CLASS = YES_ERROR;
				CLANG_WARN_UNREACHABLE_CODE = YES;
				CLANG_WARN__DUPLICATE_METHOD_MATCH = YES;
				"CODE_SIGN_IDENTITY[sdk=iphoneos*]" = "iPhone Developer";
				COPY_PHASE_STRIP = NO;
				DEBUG_INFORMATION_FORMAT = "dwarf-with-dsym";
				ENABLE_STRICT_OBJC_MSGSEND = YES;
				GCC_C_LANGUAGE_STANDARD = gnu99;
				GCC_DYNAMIC_NO_PIC = NO;
				GCC_NO_COMMON_BLOCKS = YES;
				GCC_OPTIMIZATION_LEVEL = 0;
				GCC_PREPROCESSOR_DEFINITIONS = (
					"DEBUG=1",
					"$(inherited)",
				);
				GCC_SYMBOLS_PRIVATE_EXTERN = NO;
				GCC_WARN_64_TO_32_BIT_CONVERSION = YES;
				GCC_WARN_ABOUT_RETURN_TYPE = YES_ERROR;
				GCC_WARN_UNDECLARED_SELECTOR = YES;
				GCC_WARN_UNINITIALIZED_AUTOS = YES_AGGRESSIVE;
				GCC_WARN_UNUSED_FUNCTION = YES;
				GCC_WARN_UNUSED_VARIABLE = YES;
				IPHONEOS_DEPLOYMENT_TARGET = 8.3;
				MTL_ENABLE_DEBUG_INFO = YES;
				ONLY_ACTIVE_ARCH = YES;
				SDKROOT = iphoneos;
				SWIFT_OPTIMIZATION_LEVEL = "-Onone";
			};
			name = Debug;
		};
		56B598891B3F8B2000D8AF7B /* Release */ = {
			isa = XCBuildConfiguration;
			buildSettings = {
				ALWAYS_SEARCH_USER_PATHS = NO;
				CLANG_CXX_LANGUAGE_STANDARD = "gnu++0x";
				CLANG_CXX_LIBRARY = "libc++";
				CLANG_ENABLE_MODULES = YES;
				CLANG_ENABLE_OBJC_ARC = YES;
				CLANG_WARN_BOOL_CONVERSION = YES;
				CLANG_WARN_CONSTANT_CONVERSION = YES;
				CLANG_WARN_DIRECT_OBJC_ISA_USAGE = YES_ERROR;
				CLANG_WARN_EMPTY_BODY = YES;
				CLANG_WARN_ENUM_CONVERSION = YES;
				CLANG_WARN_INT_CONVERSION = YES;
				CLANG_WARN_OBJC_ROOT_CLASS = YES_ERROR;
				CLANG_WARN_UNREACHABLE_CODE = YES;
				CLANG_WARN__DUPLICATE_METHOD_MATCH = YES;
				"CODE_SIGN_IDENTITY[sdk=iphoneos*]" = "iPhone Developer";
				COPY_PHASE_STRIP = NO;
				DEBUG_INFORMATION_FORMAT = "dwarf-with-dsym";
				ENABLE_NS_ASSERTIONS = NO;
				ENABLE_STRICT_OBJC_MSGSEND = YES;
				GCC_C_LANGUAGE_STANDARD = gnu99;
				GCC_NO_COMMON_BLOCKS = YES;
				GCC_WARN_64_TO_32_BIT_CONVERSION = YES;
				GCC_WARN_ABOUT_RETURN_TYPE = YES_ERROR;
				GCC_WARN_UNDECLARED_SELECTOR = YES;
				GCC_WARN_UNINITIALIZED_AUTOS = YES_AGGRESSIVE;
				GCC_WARN_UNUSED_FUNCTION = YES;
				GCC_WARN_UNUSED_VARIABLE = YES;
				IPHONEOS_DEPLOYMENT_TARGET = 8.3;
				MTL_ENABLE_DEBUG_INFO = NO;
				SDKROOT = iphoneos;
				VALIDATE_PRODUCT = YES;
			};
			name = Release;
		};
		56B5988B1B3F8B2000D8AF7B /* Debug */ = {
			isa = XCBuildConfiguration;
			buildSettings = {
				ASSETCATALOG_COMPILER_APPICON_NAME = AppIcon;
				CODE_SIGN_IDENTITY = "iPhone Developer";
				"CODE_SIGN_IDENTITY[sdk=iphoneos*]" = "iPhone Developer";
				INFOPLIST_FILE = quickmed/Info.plist;
				LD_RUNPATH_SEARCH_PATHS = "$(inherited) @executable_path/Frameworks";
				PRODUCT_NAME = "$(TARGET_NAME)";
				PROVISIONING_PROFILE = "";
			};
			name = Debug;
		};
		56B5988C1B3F8B2000D8AF7B /* Release */ = {
			isa = XCBuildConfiguration;
			buildSettings = {
				ASSETCATALOG_COMPILER_APPICON_NAME = AppIcon;
				CODE_SIGN_IDENTITY = "iPhone Developer";
				"CODE_SIGN_IDENTITY[sdk=iphoneos*]" = "iPhone Developer";
				INFOPLIST_FILE = quickmed/Info.plist;
				LD_RUNPATH_SEARCH_PATHS = "$(inherited) @executable_path/Frameworks";
				PRODUCT_NAME = "$(TARGET_NAME)";
				PROVISIONING_PROFILE = "";
			};
			name = Release;
		};
		56B5988E1B3F8B2000D8AF7B /* Debug */ = {
			isa = XCBuildConfiguration;
			buildSettings = {
				BUNDLE_LOADER = "$(TEST_HOST)";
				FRAMEWORK_SEARCH_PATHS = (
					"$(SDKROOT)/Developer/Library/Frameworks",
					"$(inherited)",
				);
				GCC_PREPROCESSOR_DEFINITIONS = (
					"DEBUG=1",
					"$(inherited)",
				);
				INFOPLIST_FILE = quickmedTests/Info.plist;
				LD_RUNPATH_SEARCH_PATHS = "$(inherited) @executable_path/Frameworks @loader_path/Frameworks";
				PRODUCT_NAME = "$(TARGET_NAME)";
				TEST_HOST = "$(BUILT_PRODUCTS_DIR)/quickmed.app/quickmed";
			};
			name = Debug;
		};
		56B5988F1B3F8B2000D8AF7B /* Release */ = {
			isa = XCBuildConfiguration;
			buildSettings = {
				BUNDLE_LOADER = "$(TEST_HOST)";
				FRAMEWORK_SEARCH_PATHS = (
					"$(SDKROOT)/Developer/Library/Frameworks",
					"$(inherited)",
				);
				INFOPLIST_FILE = quickmedTests/Info.plist;
				LD_RUNPATH_SEARCH_PATHS = "$(inherited) @executable_path/Frameworks @loader_path/Frameworks";
				PRODUCT_NAME = "$(TARGET_NAME)";
				TEST_HOST = "$(BUILT_PRODUCTS_DIR)/quickmed.app/quickmed";
			};
			name = Release;
		};
/* End XCBuildConfiguration section */

/* Begin XCConfigurationList section */
		56B598631B3F8B2000D8AF7B /* Build configuration list for PBXProject "quickmed" */ = {
			isa = XCConfigurationList;
			buildConfigurations = (
				56B598881B3F8B2000D8AF7B /* Debug */,
				56B598891B3F8B2000D8AF7B /* Release */,
			);
			defaultConfigurationIsVisible = 0;
			defaultConfigurationName = Release;
		};
		56B5988A1B3F8B2000D8AF7B /* Build configuration list for PBXNativeTarget "quickmed" */ = {
			isa = XCConfigurationList;
			buildConfigurations = (
				56B5988B1B3F8B2000D8AF7B /* Debug */,
				56B5988C1B3F8B2000D8AF7B /* Release */,
			);
			defaultConfigurationIsVisible = 0;
		};
		56B5988D1B3F8B2000D8AF7B /* Build configuration list for PBXNativeTarget "quickmedTests" */ = {
			isa = XCConfigurationList;
			buildConfigurations = (
				56B5988E1B3F8B2000D8AF7B /* Debug */,
				56B5988F1B3F8B2000D8AF7B /* Release */,
			);
			defaultConfigurationIsVisible = 0;
		};
/* End XCConfigurationList section */

/* Begin XCVersionGroup section */
		56B5986F1B3F8B2000D8AF7B /* quickmed.xcdatamodeld */ = {
			isa = XCVersionGroup;
			children = (
				56B598701B3F8B2000D8AF7B /* quickmed.xcdatamodel */,
			);
			currentVersion = 56B598701B3F8B2000D8AF7B /* quickmed.xcdatamodel */;
			path = quickmed.xcdatamodeld;
			sourceTree = "<group>";
			versionGroupType = wrapper.xcdatamodel;
		};
/* End XCVersionGroup section */
	};
	rootObject = 56B598601B3F8B2000D8AF7B /* Project object */;
}
