PODS:
  - Braintree (3.9.1):
    - Braintree/API (= 3.9.1)
    - Braintree/Coinbase (= 3.9.1)
    - Braintree/Drop-In (= 3.9.1)
    - Braintree/Payments (= 3.9.1)
    - Braintree/PayPal (= 3.9.1)
    - Braintree/UI (= 3.9.1)
    - Braintree/Venmo (= 3.9.1)
  - Braintree/API (3.9.1)
  - Braintree/Coinbase (3.9.1):
    - Braintree/API
    - coinbase-official/OAuth (~> 2.1.1)
  - Braintree/Drop-In (3.9.1):
    - Braintree/API
    - Braintree/Coinbase
    - Braintree/Payments
    - Braintree/PayPal
    - Braintree/UI
    - Braintree/Venmo
  - Braintree/Payments (3.9.1):
    - Braintree/API
    - Braintree/Coinbase
    - Braintree/PayPal
    - Braintree/Venmo
  - Braintree/PayPal (3.9.1):
    - Braintree/API
    - Braintree/UI
  - Braintree/UI (3.9.1):
    - Braintree/API
  - Braintree/Venmo (3.9.1):
    - Braintree/API
  - CMDQueryStringSerialization (0.2.0)
  - coinbase-official/OAuth (2.1.4)
  - SSKeychain (1.2.3)
  - SwiftyJSON (2.2.0)
  - VENCore (3.0.1):
    - CMDQueryStringSerialization (~> 0.2.0)
  - Venmo-iOS-SDK (1.3.0):
    - CMDQueryStringSerialization (~> 0.2.0)
    - SSKeychain (~> 1.2.2)
    - VENCore (~> 3.0.0)

DEPENDENCIES:
  - Braintree
  - SwiftyJSON
  - Venmo-iOS-SDK

SPEC CHECKSUMS:
  Braintree: 1796b67efcf832019d1da1b8a1d779e202e3796f
  CMDQueryStringSerialization: 15f9004212bbc72533bb533f63df79d90a00a7d8
  coinbase-official: 4ad3ac862840657b4184345eb84af8166ab2b04e
  SSKeychain: 3f42991739c6c60a9cf1bbd4dff6c0d3694bcf3d
  SwiftyJSON: 0b3e6c07af17ff745e77e8e9984097b55c956e5c
  VENCore: 7adedc7c0e65e3ba922cc21c35f3d0e133d43df7
  Venmo-iOS-SDK: 456097c6df57544362719ea8db01541953aec44d

COCOAPODS: 0.37.2
